lockfileVersion: 5.4

specifiers:
  '@tailwindcss/aspect-ratio': ^0.4.2
  '@tailwindcss/forms': ^0.5.3
  '@tailwindcss/line-clamp': ^0.4.2
  '@tailwindcss/typography': ^0.5.8
  '@types/node': ^18.11.9
  '@types/react': ^18.0.25
  '@types/react-dom': ^18.0.8

dependencies:
  '@tailwindcss/aspect-ratio': 0.4.2
  '@tailwindcss/forms': 0.5.3
  '@tailwindcss/line-clamp': 0.4.2
  '@tailwindcss/typography': 0.5.8
  '@types/node': 18.11.9
  '@types/react': 18.0.25
  '@types/react-dom': 18.0.8

packages:

  /@tailwindcss/aspect-ratio/0.4.2:
    resolution: {integrity: sha512-8QPrypskfBa7QIMuKHg2TA7BqES6vhBrDLOv8Unb6FcFyd3TjKbc6lcmb9UPQHxfl24sXoJ41ux/H7qQQvfaSQ==}
    peerDependencies:
      tailwindcss: '>=2.0.0 || >=3.0.0 || >=3.0.0-alpha.1'
    dev: false

  /@tailwindcss/forms/0.5.3:
    resolution: {integrity: sha512-y5mb86JUoiUgBjY/o6FJSFZSEttfb3Q5gllE4xoKjAAD+vBrnIhE4dViwUuow3va8mpH4s9jyUbUbrRGoRdc2Q==}
    peerDependencies:
      tailwindcss: '>=3.0.0 || >= 3.0.0-alpha.1'
    dependencies:
      mini-svg-data-uri: 1.4.4
    dev: false

  /@tailwindcss/line-clamp/0.4.2:
    resolution: {integrity: sha512-HFzAQuqYCjyy/SX9sLGB1lroPzmcnWv1FHkIpmypte10hptf4oPUfucryMKovZh2u0uiS9U5Ty3GghWfEJGwVw==}
    peerDependencies:
      tailwindcss: '>=2.0.0 || >=3.0.0 || >=3.0.0-alpha.1'
    dev: false

  /@tailwindcss/typography/0.5.8:
    resolution: {integrity: sha512-xGQEp8KXN8Sd8m6R4xYmwxghmswrd0cPnNI2Lc6fmrC3OojysTBJJGSIVwPV56q4t6THFUK3HJ0EaWwpglSxWw==}
    peerDependencies:
      tailwindcss: '>=3.0.0 || insiders'
    dependencies:
      lodash.castarray: 4.4.0
      lodash.isplainobject: 4.0.6
      lodash.merge: 4.6.2
      postcss-selector-parser: 6.0.10
    dev: false

  /@types/node/18.11.9:
    resolution: {integrity: sha512-CRpX21/kGdzjOpFsZSkcrXMGIBWMGNIHXXBVFSH+ggkftxg+XYP20TESbh+zFvFj3EQOl5byk0HTRn1IL6hbqg==}
    dev: false

  /@types/prop-types/15.7.5:
    resolution: {integrity: sha512-JCB8C6SnDoQf0cNycqd/35A7MjcnK+ZTqE7judS6o7utxUCg6imJg3QK2qzHKszlTjcj2cn+NwMB2i96ubpj7w==}
    dev: false

  /@types/react-dom/18.0.8:
    resolution: {integrity: sha512-C3GYO0HLaOkk9dDAz3Dl4sbe4AKUGTCfFIZsz3n/82dPNN8Du533HzKatDxeUYWu24wJgMP1xICqkWk1YOLOIw==}
    dependencies:
      '@types/react': 18.0.25
    dev: false

  /@types/react/18.0.25:
    resolution: {integrity: sha512-xD6c0KDT4m7n9uD4ZHi02lzskaiqcBxf4zi+tXZY98a04wvc0hi/TcCPC2FOESZi51Nd7tlUeOJY8RofL799/g==}
    dependencies:
      '@types/prop-types': 15.7.5
      '@types/scheduler': 0.16.2
      csstype: 3.1.1
    dev: false

  /@types/scheduler/0.16.2:
    resolution: {integrity: sha512-hppQEBDmlwhFAXKJX2KnWLYu5yMfi91yazPb2l+lbJiwW+wdo1gNeRA+3RgNSO39WYX2euey41KEwnqesU2Jew==}
    dev: false

  /cssesc/3.0.0:
    resolution: {integrity: sha512-/Tb/JcjK111nNScGob5MNtsntNM1aCNUDipB/TkwZFhyDrrE47SOx/18wF2bbjgc3ZzCSKW1T5nt5EbFoAz/Vg==}
    engines: {node: '>=4'}
    hasBin: true
    dev: false

  /csstype/3.1.1:
    resolution: {integrity: sha512-DJR/VvkAvSZW9bTouZue2sSxDwdTN92uHjqeKVm+0dAqdfNykRzQ95tay8aXMBAAPpUiq4Qcug2L7neoRh2Egw==}
    dev: false

  /lodash.castarray/4.4.0:
    resolution: {integrity: sha512-aVx8ztPv7/2ULbArGJ2Y42bG1mEQ5mGjpdvrbJcJFU3TbYybe+QlLS4pst9zV52ymy2in1KpFPiZnAOATxD4+Q==}
    dev: false

  /lodash.isplainobject/4.0.6:
    resolution: {integrity: sha512-oSXzaWypCMHkPC3NvBEaPHf0KsA5mvPrOPgQWDsbg8n7orZ290M0BmC/jgRZ4vcJ6DTAhjrsSYgdsW/F+MFOBA==}
    dev: false

  /lodash.merge/4.6.2:
    resolution: {integrity: sha512-0KpjqXRVvrYyCsX1swR/XTK0va6VQkQM6MNo7PqW77ByjAhoARA8EfrP1N4+KlKj8YS0ZUCtRT/YUuhyYDujIQ==}
    dev: false

  /mini-svg-data-uri/1.4.4:
    resolution: {integrity: sha512-r9deDe9p5FJUPZAk3A59wGH7Ii9YrjjWw0jmw/liSbHl2CHiyXj6FcDXDu2K3TjVAXqiJdaw3xxwlZZr9E6nHg==}
    hasBin: true
    dev: false

  /postcss-selector-parser/6.0.10:
    resolution: {integrity: sha512-IQ7TZdoaqbT+LCpShg46jnZVlhWD2w6iQYAcYXfHARZ7X1t/UGhhceQDs5X0cGqKvYlHNOuv7Oa1xmb0oQuA3w==}
    engines: {node: '>=4'}
    dependencies:
      cssesc: 3.0.0
      util-deprecate: 1.0.2
    dev: false

  /util-deprecate/1.0.2:
    resolution: {integrity: sha512-EPD5q1uXyFxJpCrLnCc1nHnq3gOa6DZBocAIiI2TaSCA7VCJ1UJDMagCzIkXNsUYfD1daK//LTEQ8xiIbrHtcw==}
    dev: false
